<?xml version="1.0" encoding="UTF-8" standalone="yes" ?>
<CodeBlocks_project_file>
	<FileVersion major="1" minor="6" />
	<Project>
		<Option title="Polymorphism" />
		<Option pch_mode="2" />
		<Option compiler="gcc" />
		<Build>
			<Target title="Debug">
				<Option output="bin/Debug/Polymorphism" prefix_auto="1" extension_auto="1" />
				<Option object_output="obj/Debug/" />
				<Option type="1" />
				<Option compiler="gcc" />
				<Compiler>
					<Add option="-g" />
					<Add directory="include" />
				</Compiler>
			</Target>
			<Target title="Release">
				<Option output="bin/Release/Polymorphism" prefix_auto="1" extension_auto="1" />
				<Option object_output="obj/Release/" />
				<Option type="1" />
				<Option compiler="gcc" />
				<Compiler>
					<Add option="-O2" />
					<Add directory="include" />
				</Compiler>
				<Linker>
					<Add option="-s" />
				</Linker>
			</Target>
		</Build>
		<Compiler>
			<Add option="-Wall" />
			<Add option="-fexceptions" />
		</Compiler>
		<Unit filename="include/Account.h" />
		<Unit filename="include/Account_Util.h" />
		<Unit filename="include/Checking_Account.h" />
		<Unit filename="include/I_Printable.h" />
		<Unit filename="include/Saving_Account.h" />
		<Unit filename="include/Trust_Account.h" />
		<Unit filename="main.cpp" />
		<Unit filename="src/Account.cpp" />
		<Unit filename="src/Account_Util.cpp" />
		<Unit filename="src/Checking_Account.cpp" />
		<Unit filename="src/I_Printable.cpp" />
		<Unit filename="src/Saving_Account.cpp" />
		<Unit filename="src/Trust_Account.cpp" />
		<Extensions>
			<code_completion />
			<envvars />
			<debugger />
		</Extensions>
	</Project>
</CodeBlocks_project_file>
